
Microsoft Visual Studio Solution File, Format Version 12.00
# Visual Studio Version 17
VisualStudioVersion = 17.5.33530.505
MinimumVisualStudioVersion = 10.0.40219.1
Project("{9A19103F-16F7-4668-BE54-9A1E7A4F7556}") = "DevSu", "DevSu\DevSu.csproj", "{F622E12F-D3C1-459F-8744-93B94586F972}"
EndProject
Project("{9A19103F-16F7-4668-BE54-9A1E7A4F7556}") = "DevSu.Core", "DevSu.Core\DevSu.Core.csproj", "{4BEB270A-9C24-4708-87BB-344536150BC4}"
EndProject
Project("{9A19103F-16F7-4668-BE54-9A1E7A4F7556}") = "DevSu.Infrastructure", "DevSu.Infrastructure\DevSu.Infrastructure.csproj", "{1FCA7E5B-9F6A-4EF0-B661-35DC11B53CBE}"
EndProject
Project("{9A19103F-16F7-4668-BE54-9A1E7A4F7556}") = "DevSu.Services", "DevSu.Services\DevSu.Services.csproj", "{A50F7457-C34C-4167-8D30-CB62DA778952}"
EndProject
Project("{FAE04EC0-301F-11D3-BF4B-00C04F79EFBC}") = "DevSub.UnitTests", "DevSub.UnitTests\DevSub.UnitTests.csproj", "{29560542-77B5-48E7-8C97-EFA41D1FCA83}"
EndProject
Global
	GlobalSection(SolutionConfigurationPlatforms) = preSolution
		Debug|Any CPU = Debug|Any CPU
		Release|Any CPU = Release|Any CPU
	EndGlobalSection
	GlobalSection(ProjectConfigurationPlatforms) = postSolution
		{F622E12F-D3C1-459F-8744-93B94586F972}.Debug|Any CPU.ActiveCfg = Debug|Any CPU
		{F622E12F-D3C1-459F-8744-93B94586F972}.Debug|Any CPU.Build.0 = Debug|Any CPU
		{F622E12F-D3C1-459F-8744-93B94586F972}.Release|Any CPU.ActiveCfg = Release|Any CPU
		{F622E12F-D3C1-459F-8744-93B94586F972}.Release|Any CPU.Build.0 = Release|Any CPU
		{4BEB270A-9C24-4708-87BB-344536150BC4}.Debug|Any CPU.ActiveCfg = Debug|Any CPU
		{4BEB270A-9C24-4708-87BB-344536150BC4}.Debug|Any CPU.Build.0 = Debug|Any CPU
		{4BEB270A-9C24-4708-87BB-344536150BC4}.Release|Any CPU.ActiveCfg = Release|Any CPU
		{4BEB270A-9C24-4708-87BB-344536150BC4}.Release|Any CPU.Build.0 = Release|Any CPU
		{1FCA7E5B-9F6A-4EF0-B661-35DC11B53CBE}.Debug|Any CPU.ActiveCfg = Debug|Any CPU
		{1FCA7E5B-9F6A-4EF0-B661-35DC11B53CBE}.Debug|Any CPU.Build.0 = Debug|Any CPU
		{1FCA7E5B-9F6A-4EF0-B661-35DC11B53CBE}.Release|Any CPU.ActiveCfg = Release|Any CPU
		{1FCA7E5B-9F6A-4EF0-B661-35DC11B53CBE}.Release|Any CPU.Build.0 = Release|Any CPU
		{A50F7457-C34C-4167-8D30-CB62DA778952}.Debug|Any CPU.ActiveCfg = Debug|Any CPU
		{A50F7457-C34C-4167-8D30-CB62DA778952}.Debug|Any CPU.Build.0 = Debug|Any CPU
		{A50F7457-C34C-4167-8D30-CB62DA778952}.Release|Any CPU.ActiveCfg = Release|Any CPU
		{A50F7457-C34C-4167-8D30-CB62DA778952}.Release|Any CPU.Build.0 = Release|Any CPU
		{29560542-77B5-48E7-8C97-EFA41D1FCA83}.Debug|Any CPU.ActiveCfg = Debug|Any CPU
		{29560542-77B5-48E7-8C97-EFA41D1FCA83}.Debug|Any CPU.Build.0 = Debug|Any CPU
		{29560542-77B5-48E7-8C97-EFA41D1FCA83}.Release|Any CPU.ActiveCfg = Release|Any CPU
		{29560542-77B5-48E7-8C97-EFA41D1FCA83}.Release|Any CPU.Build.0 = Release|Any CPU
	EndGlobalSection
	GlobalSection(SolutionProperties) = preSolution
		HideSolutionNode = FALSE
	EndGlobalSection
	GlobalSection(ExtensibilityGlobals) = postSolution
		SolutionGuid = {0A8F2799-0A80-4D85-B021-E3002B446E6F}
	EndGlobalSection
EndGlobal
